
Microsoft Visual Studio Solution File, Format Version 12.00
# Visual Studio 15
Project("{FAE04EC0-301F-11D3-BF4B-00C04F79EFBC}") = "Assembly-CSharp", "Assembly-CSharp.csproj", "{96A79F5C-F222-EE6E-0CB3-2215F4973A48}"
EndProject
Project("{FAE04EC0-301F-11D3-BF4B-00C04F79EFBC}") = "Assembly-CSharp-Editor", "Assembly-CSharp-Editor.csproj", "{705D4214-9ED5-60D0-07D4-387563326B1E}"
EndProject
Global
	GlobalSection(SolutionConfigurationPlatforms) = preSolution
		Debug|Any CPU = Debug|Any CPU
		Release|Any CPU = Release|Any CPU
	EndGlobalSection
	GlobalSection(ProjectConfigurationPlatforms) = postSolution
		{96A79F5C-F222-EE6E-0CB3-2215F4973A48}.Debug|Any CPU.ActiveCfg = Debug|Any CPU
		{96A79F5C-F222-EE6E-0CB3-2215F4973A48}.Debug|Any CPU.Build.0 = Debug|Any CPU
		{96A79F5C-F222-EE6E-0CB3-2215F4973A48}.Release|Any CPU.ActiveCfg = Release|Any CPU
		{96A79F5C-F222-EE6E-0CB3-2215F4973A48}.Release|Any CPU.Build.0 = Release|Any CPU
		{705D4214-9ED5-60D0-07D4-387563326B1E}.Debug|Any CPU.ActiveCfg = Debug|Any CPU
		{705D4214-9ED5-60D0-07D4-387563326B1E}.Debug|Any CPU.Build.0 = Debug|Any CPU
		{705D4214-9ED5-60D0-07D4-387563326B1E}.Release|Any CPU.ActiveCfg = Release|Any CPU
		{705D4214-9ED5-60D0-07D4-387563326B1E}.Release|Any CPU.Build.0 = Release|Any CPU
	EndGlobalSection
	GlobalSection(SolutionProperties) = preSolution
		HideSolutionNode = FALSE
	EndGlobalSection
EndGlobal
